
Microsoft Visual Studio Solution File, Format Version 12.00
# Visual Studio Version 17
VisualStudioVersion = 17.2.32630.192
MinimumVisualStudioVersion = 10.0.40219.1
Project("{FAE04EC0-301F-11D3-BF4B-00C04F79EFBC}") = "WpfApp_ThreadingBinding_1", "WpfApp_ThreadingBinding_1.csproj", "{D67C6CDB-B3E2-4ADB-B84E-713905F6FAB3}"
EndProject
Global
	GlobalSection(SolutionConfigurationPlatforms) = preSolution
		Debug|Any CPU = Debug|Any CPU
		Release|Any CPU = Release|Any CPU
	EndGlobalSection
	GlobalSection(ProjectConfigurationPlatforms) = postSolution
		{D67C6CDB-B3E2-4ADB-B84E-713905F6FAB3}.Debug|Any CPU.ActiveCfg = Debug|Any CPU
		{D67C6CDB-B3E2-4ADB-B84E-713905F6FAB3}.Debug|Any CPU.Build.0 = Debug|Any CPU
		{D67C6CDB-B3E2-4ADB-B84E-713905F6FAB3}.Release|Any CPU.ActiveCfg = Release|Any CPU
		{D67C6CDB-B3E2-4ADB-B84E-713905F6FAB3}.Release|Any CPU.Build.0 = Release|Any CPU
	EndGlobalSection
	GlobalSection(SolutionProperties) = preSolution
		HideSolutionNode = FALSE
	EndGlobalSection
	GlobalSection(ExtensibilityGlobals) = postSolution
		SolutionGuid = {BF02856A-889B-47F3-B7D8-1079B2F85567}
	EndGlobalSection
EndGlobal
