
Microsoft Visual Studio Solution File, Format Version 12.00
# Visual Studio Version 17
VisualStudioVersion = 17.2.32630.192
MinimumVisualStudioVersion = 10.0.40219.1
Project("{FAE04EC0-301F-11D3-BF4B-00C04F79EFBC}") = "WpfApp_Threading_1", "WpfApp_Threading_1.csproj", "{78EE7AD0-5E78-4DE4-91D8-0B2ABEADD846}"
EndProject
Global
	GlobalSection(SolutionConfigurationPlatforms) = preSolution
		Debug|Any CPU = Debug|Any CPU
		Release|Any CPU = Release|Any CPU
	EndGlobalSection
	GlobalSection(ProjectConfigurationPlatforms) = postSolution
		{78EE7AD0-5E78-4DE4-91D8-0B2ABEADD846}.Debug|Any CPU.ActiveCfg = Debug|Any CPU
		{78EE7AD0-5E78-4DE4-91D8-0B2ABEADD846}.Debug|Any CPU.Build.0 = Debug|Any CPU
		{78EE7AD0-5E78-4DE4-91D8-0B2ABEADD846}.Release|Any CPU.ActiveCfg = Release|Any CPU
		{78EE7AD0-5E78-4DE4-91D8-0B2ABEADD846}.Release|Any CPU.Build.0 = Release|Any CPU
	EndGlobalSection
	GlobalSection(SolutionProperties) = preSolution
		HideSolutionNode = FALSE
	EndGlobalSection
	GlobalSection(ExtensibilityGlobals) = postSolution
		SolutionGuid = {29ADABE0-738F-47BB-8D84-44FA3DF98EEE}
	EndGlobalSection
EndGlobal
