
Microsoft Visual Studio Solution File, Format Version 12.00
# Visual Studio Version 17
VisualStudioVersion = 17.2.32630.192
MinimumVisualStudioVersion = 10.0.40219.1
Project("{FAE04EC0-301F-11D3-BF4B-00C04F79EFBC}") = "WpfApp_ThreadingBinding_3", "WpfApp_ThreadingBinding_3.csproj", "{63AA0A77-03CF-4FC9-8F1D-C711F2E689F6}"
EndProject
Global
	GlobalSection(SolutionConfigurationPlatforms) = preSolution
		Debug|Any CPU = Debug|Any CPU
		Release|Any CPU = Release|Any CPU
	EndGlobalSection
	GlobalSection(ProjectConfigurationPlatforms) = postSolution
		{63AA0A77-03CF-4FC9-8F1D-C711F2E689F6}.Debug|Any CPU.ActiveCfg = Debug|Any CPU
		{63AA0A77-03CF-4FC9-8F1D-C711F2E689F6}.Debug|Any CPU.Build.0 = Debug|Any CPU
		{63AA0A77-03CF-4FC9-8F1D-C711F2E689F6}.Release|Any CPU.ActiveCfg = Release|Any CPU
		{63AA0A77-03CF-4FC9-8F1D-C711F2E689F6}.Release|Any CPU.Build.0 = Release|Any CPU
	EndGlobalSection
	GlobalSection(SolutionProperties) = preSolution
		HideSolutionNode = FALSE
	EndGlobalSection
	GlobalSection(ExtensibilityGlobals) = postSolution
		SolutionGuid = {D0BAB28B-8A08-416A-8464-D2580F79B66B}
	EndGlobalSection
EndGlobal
